// !$*UTF8*$!
{
	archiveVersion = 1;
	classes = {
	};
	objectVersion = 46;
	objects = {

/* Begin PBXBuildFile section */
		41AFCED3A5D1015C4A2FDA4E /* libPods-制作动图.a in Frameworks */ = {isa = PBXBuildFile; fileRef = F29014E803A15070BC7D72EA /* libPods-制作动图.a */; };
		656B4112B18F83330CE3EB41 /* libPods-制作动图UITests.a in Frameworks */ = {isa = PBXBuildFile; fileRef = DF327D48D1230C6992966D0D /* libPods-制作动图UITests.a */; };
		F12C6888200F58ED0090BD50 /* spot.gif in Resources */ = {isa = PBXBuildFile; fileRef = F12C6887200F58ED0090BD50 /* spot.gif */; };
		F1F5406C1F32B3A500BB192E /* main.m in Sources */ = {isa = PBXBuildFile; fileRef = F1F5406B1F32B3A500BB192E /* main.m */; };
		F1F5406F1F32B3A500BB192E /* AppDelegate.m in Sources */ = {isa = PBXBuildFile; fileRef = F1F5406E1F32B3A500BB192E /* AppDelegate.m */; };
		F1F540721F32B3A500BB192E /* ViewController.m in Sources */ = {isa = PBXBuildFile; fileRef = F1F540711F32B3A500BB192E /* ViewController.m */; };
		F1F540751F32B3A500BB192E /* Main.storyboard in Resources */ = {isa = PBXBuildFile; fileRef = F1F540731F32B3A500BB192E /* Main.storyboard */; };
		F1F540771F32B3A500BB192E /* Assets.xcassets in Resources */ = {isa = PBXBuildFile; fileRef = F1F540761F32B3A500BB192E /* Assets.xcassets */; };
		F1F5407A1F32B3A500BB192E /* LaunchScreen.storyboard in Resources */ = {isa = PBXBuildFile; fileRef = F1F540781F32B3A500BB192E /* LaunchScreen.storyboard */; };
		F1F540851F32B3A500BB192E /* ____Tests.m in Sources */ = {isa = PBXBuildFile; fileRef = F1F540841F32B3A500BB192E /* ____Tests.m */; };
		F1F540901F32B3A500BB192E /* ____UITests.m in Sources */ = {isa = PBXBuildFile; fileRef = F1F5408F1F32B3A500BB192E /* ____UITests.m */; };
		FB11972F7E2B183F73F37E89 /* libPods-制作动图Tests.a in Frameworks */ = {isa = PBXBuildFile; fileRef = 7C17A343845AD095083EC6DF /* libPods-制作动图Tests.a */; };
/* End PBXBuildFile section */

/* Begin PBXContainerItemProxy section */
		F1F540811F32B3A500BB192E /* PBXContainerItemProxy */ = {
			isa = PBXContainerItemProxy;
			containerPortal = F1F5405F1F32B3A500BB192E /* Project object */;
			proxyType = 1;
			remoteGlobalIDString = F1F540661F32B3A500BB192E;
			remoteInfo = "制作动图";
		};
		F1F5408C1F32B3A500BB192E /* PBXContainerItemProxy */ = {
			isa = PBXContainerItemProxy;
			containerPortal = F1F5405F1F32B3A500BB192E /* Project object */;
			proxyType = 1;
			remoteGlobalIDString = F1F540661F32B3A500BB192E;
			remoteInfo = "制作动图";
		};
/* End PBXContainerItemProxy section */

/* Begin PBXFileReference section */
		0703258F89115227E1FCAEA2 /* Pods-制作动图.release.xcconfig */ = {isa = PBXFileReference; includeInIndex = 1; lastKnownFileType = text.xcconfig; name = "Pods-制作动图.release.xcconfig"; path = "Pods/Target Support Files/Pods-制作动图/Pods-制作动图.release.xcconfig"; sourceTree = "<group>"; };
		1A724BAC98FD4DE8D7BC550B /* Pods-制作动图Tests.debug.xcconfig */ = {isa = PBXFileReference; includeInIndex = 1; lastKnownFileType = text.xcconfig; name = "Pods-制作动图Tests.debug.xcconfig"; path = "Pods/Target Support Files/Pods-制作动图Tests/Pods-制作动图Tests.debug.xcconfig"; sourceTree = "<group>"; };
		65C6739E28057E066E796E19 /* Pods-制作动图.debug.xcconfig */ = {isa = PBXFileReference; includeInIndex = 1; lastKnownFileType = text.xcconfig; name = "Pods-制作动图.debug.xcconfig"; path = "Pods/Target Support Files/Pods-制作动图/Pods-制作动图.debug.xcconfig"; sourceTree = "<group>"; };
		7C17A343845AD095083EC6DF /* libPods-制作动图Tests.a */ = {isa = PBXFileReference; explicitFileType = archive.ar; includeInIndex = 0; path = "libPods-制作动图Tests.a"; sourceTree = BUILT_PRODUCTS_DIR; };
		7D4F4EDEF38B931F5EA9C546 /* Pods-制作动图Tests.release.xcconfig */ = {isa = PBXFileReference; includeInIndex = 1; lastKnownFileType = text.xcconfig; name = "Pods-制作动图Tests.release.xcconfig"; path = "Pods/Target Support Files/Pods-制作动图Tests/Pods-制作动图Tests.release.xcconfig"; sourceTree = "<group>"; };
		921EF853280797C5BBC18A81 /* Pods-制作动图UITests.debug.xcconfig */ = {isa = PBXFileReference; includeInIndex = 1; lastKnownFileType = text.xcconfig; name = "Pods-制作动图UITests.debug.xcconfig"; path = "Pods/Target Support Files/Pods-制作动图UITests/Pods-制作动图UITests.debug.xcconfig"; sourceTree = "<group>"; };
		DF327D48D1230C6992966D0D /* libPods-制作动图UITests.a */ = {isa = PBXFileReference; explicitFileType = archive.ar; includeInIndex = 0; path = "libPods-制作动图UITests.a"; sourceTree = BUILT_PRODUCTS_DIR; };
		E995C427EB495A3D83B5B5E6 /* Pods-制作动图UITests.release.xcconfig */ = {isa = PBXFileReference; includeInIndex = 1; lastKnownFileType = text.xcconfig; name = "Pods-制作动图UITests.release.xcconfig"; path = "Pods/Target Support Files/Pods-制作动图UITests/Pods-制作动图UITests.release.xcconfig"; sourceTree = "<group>"; };
		F12C6887200F58ED0090BD50 /* spot.gif */ = {isa = PBXFileReference; lastKnownFileType = image.gif; path = spot.gif; sourceTree = "<group>"; };
		F1F540671F32B3A500BB192E /* 制作动图.app */ = {isa = PBXFileReference; explicitFileType = wrapper.application; includeInIndex = 0; path = "制作动图.app"; sourceTree = BUILT_PRODUCTS_DIR; };
		F1F5406B1F32B3A500BB192E /* main.m */ = {isa = PBXFileReference; lastKnownFileType = sourcecode.c.objc; path = main.m; sourceTree = "<group>"; };
		F1F5406D1F32B3A500BB192E /* AppDelegate.h */ = {isa = PBXFileReference; lastKnownFileType = sourcecode.c.h; path = AppDelegate.h; sourceTree = "<group>"; };
		F1F5406E1F32B3A500BB192E /* AppDelegate.m */ = {isa = PBXFileReference; lastKnownFileType = sourcecode.c.objc; path = AppDelegate.m; sourceTree = "<group>"; };
		F1F540701F32B3A500BB192E /* ViewController.h */ = {isa = PBXFileReference; lastKnownFileType = sourcecode.c.h; path = ViewController.h; sourceTree = "<group>"; };
		F1F540711F32B3A500BB192E /* ViewController.m */ = {isa = PBXFileReference; lastKnownFileType = sourcecode.c.objc; path = ViewController.m; sourceTree = "<group>"; };
		F1F540741F32B3A500BB192E /* Base */ = {isa = PBXFileReference; lastKnownFileType = file.storyboard; name = Base; path = Base.lproj/Main.storyboard; sourceTree = "<group>"; };
		F1F540761F32B3A500BB192E /* Assets.xcassets */ = {isa = PBXFileReference; lastKnownFileType = folder.assetcatalog; path = Assets.xcassets; sourceTree = "<group>"; };
		F1F540791F32B3A500BB192E /* Base */ = {isa = PBXFileReference; lastKnownFileType = file.storyboard; name = Base; path = Base.lproj/LaunchScreen.storyboard; sourceTree = "<group>"; };
		F1F5407B1F32B3A500BB192E /* Info.plist */ = {isa = PBXFileReference; lastKnownFileType = text.plist.xml; path = Info.plist; sourceTree = "<group>"; };
		F1F540801F32B3A500BB192E /* 制作动图Tests.xctest */ = {isa = PBXFileReference; explicitFileType = wrapper.cfbundle; includeInIndex = 0; path = "制作动图Tests.xctest"; sourceTree = BUILT_PRODUCTS_DIR; };
		F1F540841F32B3A500BB192E /* ____Tests.m */ = {isa = PBXFileReference; lastKnownFileType = sourcecode.c.objc; path = ____Tests.m; sourceTree = "<group>"; };
		F1F540861F32B3A500BB192E /* Info.plist */ = {isa = PBXFileReference; lastKnownFileType = text.plist.xml; path = Info.plist; sourceTree = "<group>"; };
		F1F5408B1F32B3A500BB192E /* 制作动图UITests.xctest */ = {isa = PBXFileReference; explicitFileType = wrapper.cfbundle; includeInIndex = 0; path = "制作动图UITests.xctest"; sourceTree = BUILT_PRODUCTS_DIR; };
		F1F5408F1F32B3A500BB192E /* ____UITests.m */ = {isa = PBXFileReference; lastKnownFileType = sourcecode.c.objc; path = ____UITests.m; sourceTree = "<group>"; };
		F1F540911F32B3A500BB192E /* Info.plist */ = {isa = PBXFileReference; lastKnownFileType = text.plist.xml; path = Info.plist; sourceTree = "<group>"; };
		F29014E803A15070BC7D72EA /* libPods-制作动图.a */ = {isa = PBXFileReference; explicitFileType = archive.ar; includeInIndex = 0; path = "libPods-制作动图.a"; sourceTree = BUILT_PRODUCTS_DIR; };
/* End PBXFileReference section */

/* Begin PBXFrameworksBuildPhase section */
		F1F540641F32B3A500BB192E /* Frameworks */ = {
			isa = PBXFrameworksBuildPhase;
			buildActionMask = 2147483647;
			files = (
				41AFCED3A5D1015C4A2FDA4E /* libPods-制作动图.a in Frameworks */,
			);
			runOnlyForDeploymentPostprocessing = 0;
		};
		F1F5407D1F32B3A500BB192E /* Frameworks */ = {
			isa = PBXFrameworksBuildPhase;
			buildActionMask = 2147483647;
			files = (
				FB11972F7E2B183F73F37E89 /* libPods-制作动图Tests.a in Frameworks */,
			);
			runOnlyForDeploymentPostprocessing = 0;
		};
		F1F540881F32B3A500BB192E /* Frameworks */ = {
			isa = PBXFrameworksBuildPhase;
			buildActionMask = 2147483647;
			files = (
				656B4112B18F83330CE3EB41 /* libPods-制作动图UITests.a in Frameworks */,
			);
			runOnlyForDeploymentPostprocessing = 0;
		};
/* End PBXFrameworksBuildPhase section */

/* Begin PBXGroup section */
		0AB6A3F02044B0FA847E9E6D /* Pods */ = {
			isa = PBXGroup;
			children = (
				65C6739E28057E066E796E19 /* Pods-制作动图.debug.xcconfig */,
				0703258F89115227E1FCAEA2 /* Pods-制作动图.release.xcconfig */,
				1A724BAC98FD4DE8D7BC550B /* Pods-制作动图Tests.debug.xcconfig */,
				7D4F4EDEF38B931F5EA9C546 /* Pods-制作动图Tests.release.xcconfig */,
				921EF853280797C5BBC18A81 /* Pods-制作动图UITests.debug.xcconfig */,
				E995C427EB495A3D83B5B5E6 /* Pods-制作动图UITests.release.xcconfig */,
			);
			name = Pods;
			sourceTree = "<group>";
		};
		423F3EEB9A5EF6162DBAB900 /* Frameworks */ = {
			isa = PBXGroup;
			children = (
				F29014E803A15070BC7D72EA /* libPods-制作动图.a */,
				7C17A343845AD095083EC6DF /* libPods-制作动图Tests.a */,
				DF327D48D1230C6992966D0D /* libPods-制作动图UITests.a */,
			);
			name = Frameworks;
			sourceTree = "<group>";
		};
		F1F5405E1F32B3A500BB192E = {
			isa = PBXGroup;
			children = (
				F1F540691F32B3A500BB192E /* 制作动图 */,
				F1F540831F32B3A500BB192E /* 制作动图Tests */,
				F1F5408E1F32B3A500BB192E /* 制作动图UITests */,
				F1F540681F32B3A500BB192E /* Products */,
				0AB6A3F02044B0FA847E9E6D /* Pods */,
				423F3EEB9A5EF6162DBAB900 /* Frameworks */,
			);
			sourceTree = "<group>";
		};
		F1F540681F32B3A500BB192E /* Products */ = {
			isa = PBXGroup;
			children = (
				F1F540671F32B3A500BB192E /* 制作动图.app */,
				F1F540801F32B3A500BB192E /* 制作动图Tests.xctest */,
				F1F5408B1F32B3A500BB192E /* 制作动图UITests.xctest */,
			);
			name = Products;
			sourceTree = "<group>";
		};
		F1F540691F32B3A500BB192E /* 制作动图 */ = {
			isa = PBXGroup;
			children = (
				F1F5406D1F32B3A500BB192E /* AppDelegate.h */,
				F1F5406E1F32B3A500BB192E /* AppDelegate.m */,
				F1F540701F32B3A500BB192E /* ViewController.h */,
				F1F540711F32B3A500BB192E /* ViewController.m */,
				F1F540731F32B3A500BB192E /* Main.storyboard */,
				F1F540761F32B3A500BB192E /* Assets.xcassets */,
				F12C6887200F58ED0090BD50 /* spot.gif */,
				F1F540781F32B3A500BB192E /* LaunchScreen.storyboard */,
				F1F5407B1F32B3A500BB192E /* Info.plist */,
				F1F5406A1F32B3A500BB192E /* Supporting Files */,
			);
			path = "制作动图";
			sourceTree = "<group>";
		};
		F1F5406A1F32B3A500BB192E /* Supporting Files */ = {
			isa = PBXGroup;
			children = (
				F1F5406B1F32B3A500BB192E /* main.m */,
			);
			name = "Supporting Files";
			sourceTree = "<group>";
		};
		F1F540831F32B3A500BB192E /* 制作动图Tests */ = {
			isa = PBXGroup;
			children = (
				F1F540841F32B3A500BB192E /* ____Tests.m */,
				F1F540861F32B3A500BB192E /* Info.plist */,
			);
			path = "制作动图Tests";
			sourceTree = "<group>";
		};
		F1F5408E1F32B3A500BB192E /* 制作动图UITests */ = {
			isa = PBXGroup;
			children = (
				F1F5408F1F32B3A500BB192E /* ____UITests.m */,
				F1F540911F32B3A500BB192E /* Info.plist */,
			);
			path = "制作动图UITests";
			sourceTree = "<group>";
		};
/* End PBXGroup section */

/* Begin PBXNativeTarget section */
		F1F540661F32B3A500BB192E /* 制作动图 */ = {
			isa = PBXNativeTarget;
			buildConfigurationList = F1F540941F32B3A500BB192E /* Build configuration list for PBXNativeTarget "制作动图" */;
			buildPhases = (
				28249559EB86EED4363299C2 /* [CP] Check Pods Manifest.lock */,
				F1F540631F32B3A500BB192E /* Sources */,
				F1F540641F32B3A500BB192E /* Frameworks */,
				F1F540651F32B3A500BB192E /* Resources */,
				DD5788027F073C462332A228 /* [CP] Embed Pods Frameworks */,
				36C9514BBE8C213A4BC9E6DC /* [CP] Copy Pods Resources */,
			);
			buildRules = (
			);
			dependencies = (
			);
			name = "制作动图";
			productName = "制作动图";
			productReference = F1F540671F32B3A500BB192E /* 制作动图.app */;
			productType = "com.apple.product-type.application";
		};
		F1F5407F1F32B3A500BB192E /* 制作动图Tests */ = {
			isa = PBXNativeTarget;
			buildConfigurationList = F1F540971F32B3A500BB192E /* Build configuration list for PBXNativeTarget "制作动图Tests" */;
			buildPhases = (
				E711EFD55360483C7CF4937D /* [CP] Check Pods Manifest.lock */,
				F1F5407C1F32B3A500BB192E /* Sources */,
				F1F5407D1F32B3A500BB192E /* Frameworks */,
				F1F5407E1F32B3A500BB192E /* Resources */,
				728D481796633CE3F9277FEE /* [CP] Embed Pods Frameworks */,
				6E3BF23BEB6E2F83B5B04FC9 /* [CP] Copy Pods Resources */,
			);
			buildRules = (
			);
			dependencies = (
				F1F540821F32B3A500BB192E /* PBXTargetDependency */,
			);
			name = "制作动图Tests";
			productName = "制作动图Tests";
			productReference = F1F540801F32B3A500BB192E /* 制作动图Tests.xctest */;
			productType = "com.apple.product-type.bundle.unit-test";
		};
		F1F5408A1F32B3A500BB192E /* 制作动图UITests */ = {
			isa = PBXNativeTarget;
			buildConfigurationList = F1F5409A1F32B3A500BB192E /* Build configuration list for PBXNativeTarget "制作动图UITests" */;
			buildPhases = (
				27DEB675E8098515859D92AF /* [CP] Check Pods Manifest.lock */,
				F1F540871F32B3A500BB192E /* Sources */,
				F1F540881F32B3A500BB192E /* Frameworks */,
				F1F540891F32B3A500BB192E /* Resources */,
				286336B9A6D194149658FD70 /* [CP] Embed Pods Frameworks */,
				07025895466E2582A9AAC090 /* [CP] Copy Pods Resources */,
			);
			buildRules = (
			);
			dependencies = (
				F1F5408D1F32B3A500BB192E /* PBXTargetDependency */,
			);
			name = "制作动图UITests";
			productName = "制作动图UITests";
			productReference = F1F5408B1F32B3A500BB192E /* 制作动图UITests.xctest */;
			productType = "com.apple.product-type.bundle.ui-testing";
		};
/* End PBXNativeTarget section */

/* Begin PBXProject section */
		F1F5405F1F32B3A500BB192E /* Project object */ = {
			isa = PBXProject;
			attributes = {
				LastUpgradeCheck = 0810;
				ORGANIZATIONNAME = JingBei;
				TargetAttributes = {
					F1F540661F32B3A500BB192E = {
						CreatedOnToolsVersion = 8.1;
						DevelopmentTeam = UV433VL8PE;
						ProvisioningStyle = Automatic;
					};
					F1F5407F1F32B3A500BB192E = {
						CreatedOnToolsVersion = 8.1;
						DevelopmentTeam = UV433VL8PE;
						ProvisioningStyle = Automatic;
						TestTargetID = F1F540661F32B3A500BB192E;
					};
					F1F5408A1F32B3A500BB192E = {
						CreatedOnToolsVersion = 8.1;
						DevelopmentTeam = UV433VL8PE;
						ProvisioningStyle = Automatic;
						TestTargetID = F1F540661F32B3A500BB192E;
					};
				};
			};
			buildConfigurationList = F1F540621F32B3A500BB192E /* Build configuration list for PBXProject "制作动图" */;
			compatibilityVersion = "Xcode 3.2";
			developmentRegion = English;
			hasScannedForEncodings = 0;
			knownRegions = (
				en,
				Base,
			);
			mainGroup = F1F5405E1F32B3A500BB192E;
			productRefGroup = F1F540681F32B3A500BB192E /* Products */;
			projectDirPath = "";
			projectRoot = "";
			targets = (
				F1F540661F32B3A500BB192E /* 制作动图 */,
				F1F5407F1F32B3A500BB192E /* 制作动图Tests */,
				F1F5408A1F32B3A500BB192E /* 制作动图UITests */,
			);
		};
/* End PBXProject section */

/* Begin PBXResourcesBuildPhase section */
		F1F540651F32B3A500BB192E /* Resources */ = {
			isa = PBXResourcesBuildPhase;
			buildActionMask = 2147483647;
			files = (
				F1F5407A1F32B3A500BB192E /* LaunchScreen.storyboard in Resources */,
				F1F540771F32B3A500BB192E /* Assets.xcassets in Resources */,
				F12C6888200F58ED0090BD50 /* spot.gif in Resources */,
				F1F540751F32B3A500BB192E /* Main.storyboard in Resources */,
			);
			runOnlyForDeploymentPostprocessing = 0;
		};
		F1F5407E1F32B3A500BB192E /* Resources */ = {
			isa = PBXResourcesBuildPhase;
			buildActionMask = 2147483647;
			files = (
			);
			runOnlyForDeploymentPostprocessing = 0;
		};
		F1F540891F32B3A500BB192E /* Resources */ = {
			isa = PBXResourcesBuildPhase;
			buildActionMask = 2147483647;
			files = (
			);
			runOnlyForDeploymentPostprocessing = 0;
		};
/* End PBXResourcesBuildPhase section */

/* Begin PBXShellScriptBuildPhase section */
		07025895466E2582A9AAC090 /* [CP] Copy Pods Resources */ = {
			isa = PBXShellScriptBuildPhase;
			buildActionMask = 2147483647;
			files = (
			);
			inputPaths = (
			);
			name = "[CP] Copy Pods Resources";
			outputPaths = (
			);
			runOnlyForDeploymentPostprocessing = 0;
			shellPath = /bin/sh;
			shellScript = "\"${SRCROOT}/Pods/Target Support Files/Pods-制作动图UITests/Pods-制作动图UITests-resources.sh\"\n";
			showEnvVarsInLog = 0;
		};
		27DEB675E8098515859D92AF /* [CP] Check Pods Manifest.lock */ = {
			isa = PBXShellScriptBuildPhase;
			buildActionMask = 2147483647;
			files = (
			);
			inputPaths = (
			);
			name = "[CP] Check Pods Manifest.lock";
			outputPaths = (
			);
			runOnlyForDeploymentPostprocessing = 0;
			shellPath = /bin/sh;
			shellScript = "diff \"${PODS_PODFILE_DIR_PATH}/Podfile.lock\" \"${PODS_ROOT}/Manifest.lock\" > /dev/null\nif [ $? != 0 ] ; then\n    # print error to STDERR\n    echo \"error: The sandbox is not in sync with the Podfile.lock. Run 'pod install' or update your CocoaPods installation.\" >&2\n    exit 1\nfi\n";
			showEnvVarsInLog = 0;
		};
		28249559EB86EED4363299C2 /* [CP] Check Pods Manifest.lock */ = {
			isa = PBXShellScriptBuildPhase;
			buildActionMask = 2147483647;
			files = (
			);
			inputPaths = (
			);
			name = "[CP] Check Pods Manifest.lock";
			outputPaths = (
			);
			runOnlyForDeploymentPostprocessing = 0;
			shellPath = /bin/sh;
			shellScript = "diff \"${PODS_PODFILE_DIR_PATH}/Podfile.lock\" \"${PODS_ROOT}/Manifest.lock\" > /dev/null\nif [ $? != 0 ] ; then\n    # print error to STDERR\n    echo \"error: The sandbox is not in sync with the Podfile.lock. Run 'pod install' or update your CocoaPods installation.\" >&2\n    exit 1\nfi\n";
			showEnvVarsInLog = 0;
		};
		286336B9A6D194149658FD70 /* [CP] Embed Pods Frameworks */ = {
			isa = PBXShellScriptBuildPhase;
			buildActionMask = 2147483647;
			files = (
			);
			inputPaths = (
			);
			name = "[CP] Embed Pods Frameworks";
			outputPaths = (
			);
			runOnlyForDeploymentPostprocessing = 0;
			shellPath = /bin/sh;
			shellScript = "\"${SRCROOT}/Pods/Target Support Files/Pods-制作动图UITests/Pods-制作动图UITests-frameworks.sh\"\n";
			showEnvVarsInLog = 0;
		};
		36C9514BBE8C213A4BC9E6DC /* [CP] Copy Pods Resources */ = {
			isa = PBXShellScriptBuildPhase;
			buildActionMask = 2147483647;
			files = (
			);
			inputPaths = (
			);
			name = "[CP] Copy Pods Resources";
			outputPaths = (
			);
			runOnlyForDeploymentPostprocessing = 0;
			shellPath = /bin/sh;
			shellScript = "\"${SRCROOT}/Pods/Target Support Files/Pods-制作动图/Pods-制作动图-resources.sh\"\n";
			showEnvVarsInLog = 0;
		};
		6E3BF23BEB6E2F83B5B04FC9 /* [CP] Copy Pods Resources */ = {
			isa = PBXShellScriptBuildPhase;
			buildActionMask = 2147483647;
			files = (
			);
			inputPaths = (
			);
			name = "[CP] Copy Pods Resources";
			outputPaths = (
			);
			runOnlyForDeploymentPostprocessing = 0;
			shellPath = /bin/sh;
			shellScript = "\"${SRCROOT}/Pods/Target Support Files/Pods-制作动图Tests/Pods-制作动图Tests-resources.sh\"\n";
			showEnvVarsInLog = 0;
		};
		728D481796633CE3F9277FEE /* [CP] Embed Pods Frameworks */ = {
			isa = PBXShellScriptBuildPhase;
			buildActionMask = 2147483647;
			files = (
			);
			inputPaths = (
			);
			name = "[CP] Embed Pods Frameworks";
			outputPaths = (
			);
			runOnlyForDeploymentPostprocessing = 0;
			shellPath = /bin/sh;
			shellScript = "\"${SRCROOT}/Pods/Target Support Files/Pods-制作动图Tests/Pods-制作动图Tests-frameworks.sh\"\n";
			showEnvVarsInLog = 0;
		};
		DD5788027F073C462332A228 /* [CP] Embed Pods Frameworks */ = {
			isa = PBXShellScriptBuildPhase;
			buildActionMask = 2147483647;
			files = (
			);
			inputPaths = (
			);
			name = "[CP] Embed Pods Frameworks";
			outputPaths = (
			);
			runOnlyForDeploymentPostprocessing = 0;
			shellPath = /bin/sh;
			shellScript = "\"${SRCROOT}/Pods/Target Support Files/Pods-制作动图/Pods-制作动图-frameworks.sh\"\n";
			showEnvVarsInLog = 0;
		};
		E711EFD55360483C7CF4937D /* [CP] Check Pods Manifest.lock */ = {
			isa = PBXShellScriptBuildPhase;
			buildActionMask = 2147483647;
			files = (
			);
			inputPaths = (
			);
			name = "[CP] Check Pods Manifest.lock";
			outputPaths = (
			);
			runOnlyForDeploymentPostprocessing = 0;
			shellPath = /bin/sh;
			shellScript = "diff \"${PODS_PODFILE_DIR_PATH}/Podfile.lock\" \"${PODS_ROOT}/Manifest.lock\" > /dev/null\nif [ $? != 0 ] ; then\n    # print error to STDERR\n    echo \"error: The sandbox is not in sync with the Podfile.lock. Run 'pod install' or update your CocoaPods installation.\" >&2\n    exit 1\nfi\n";
			showEnvVarsInLog = 0;
		};
/* End PBXShellScriptBuildPhase section */

/* Begin PBXSourcesBuildPhase section */
		F1F540631F32B3A500BB192E /* Sources */ = {
			isa = PBXSourcesBuildPhase;
			buildActionMask = 2147483647;
			files = (
				F1F540721F32B3A500BB192E /* ViewController.m in Sources */,
				F1F5406F1F32B3A500BB192E /* AppDelegate.m in Sources */,
				F1F5406C1F32B3A500BB192E /* main.m in Sources */,
			);
			runOnlyForDeploymentPostprocessing = 0;
		};
		F1F5407C1F32B3A500BB192E /* Sources */ = {
			isa = PBXSourcesBuildPhase;
			buildActionMask = 2147483647;
			files = (
				F1F540851F32B3A500BB192E /* ____Tests.m in Sources */,
			);
			runOnlyForDeploymentPostprocessing = 0;
		};
		F1F540871F32B3A500BB192E /* Sources */ = {
			isa = PBXSourcesBuildPhase;
			buildActionMask = 2147483647;
			files = (
				F1F540901F32B3A500BB192E /* ____UITests.m in Sources */,
			);
			runOnlyForDeploymentPostprocessing = 0;
		};
/* End PBXSourcesBuildPhase section */

/* Begin PBXTargetDependency section */
		F1F540821F32B3A500BB192E /* PBXTargetDependency */ = {
			isa = PBXTargetDependency;
			target = F1F540661F32B3A500BB192E /* 制作动图 */;
			targetProxy = F1F540811F32B3A500BB192E /* PBXContainerItemProxy */;
		};
		F1F5408D1F32B3A500BB192E /* PBXTargetDependency */ = {
			isa = PBXTargetDependency;
			target = F1F540661F32B3A500BB192E /* 制作动图 */;
			targetProxy = F1F5408C1F32B3A500BB192E /* PBXContainerItemProxy */;
		};
/* End PBXTargetDependency section */

/* Begin PBXVariantGroup section */
		F1F540731F32B3A500BB192E /* Main.storyboard */ = {
			isa = PBXVariantGroup;
			children = (
				F1F540741F32B3A500BB192E /* Base */,
			);
			name = Main.storyboard;
			sourceTree = "<group>";
		};
		F1F540781F32B3A500BB192E /* LaunchScreen.storyboard */ = {
			isa = PBXVariantGroup;
			children = (
				F1F540791F32B3A500BB192E /* Base */,
			);
			name = LaunchScreen.storyboard;
			sourceTree = "<group>";
		};
/* End PBXVariantGroup section */

/* Begin XCBuildConfiguration section */
		F1F540921F32B3A500BB192E /* Debug */ = {
			isa = XCBuildConfiguration;
			buildSettings = {
				ALWAYS_SEARCH_USER_PATHS = NO;
				CLANG_ANALYZER_NONNULL = YES;
				CLANG_CXX_LANGUAGE_STANDARD = "gnu++0x";
				CLANG_CXX_LIBRARY = "libc++";
				CLANG_ENABLE_MODULES = YES;
				CLANG_ENABLE_OBJC_ARC = YES;
				CLANG_WARN_BOOL_CONVERSION = YES;
				CLANG_WARN_CONSTANT_CONVERSION = YES;
				CLANG_WARN_DIRECT_OBJC_ISA_USAGE = YES_ERROR;
				CLANG_WARN_DOCUMENTATION_COMMENTS = YES;
				CLANG_WARN_EMPTY_BODY = YES;
				CLANG_WARN_ENUM_CONVERSION = YES;
				CLANG_WARN_INFINITE_RECURSION = YES;
				CLANG_WARN_INT_CONVERSION = YES;
				CLANG_WARN_OBJC_ROOT_CLASS = YES_ERROR;
				CLANG_WARN_SUSPICIOUS_MOVES = YES;
				CLANG_WARN_UNREACHABLE_CODE = YES;
				CLANG_WARN__DUPLICATE_METHOD_MATCH = YES;
				"CODE_SIGN_IDENTITY[sdk=iphoneos*]" = "iPhone Developer";
				COPY_PHASE_STRIP = NO;
				DEBUG_INFORMATION_FORMAT = dwarf;
				ENABLE_STRICT_OBJC_MSGSEND = YES;
				ENABLE_TESTABILITY = YES;
				GCC_C_LANGUAGE_STANDARD = gnu99;
				GCC_DYNAMIC_NO_PIC = NO;
				GCC_NO_COMMON_BLOCKS = YES;
				GCC_OPTIMIZATION_LEVEL = 0;
				GCC_PREPROCESSOR_DEFINITIONS = (
					"DEBUG=1",
					"$(inherited)",
				);
				GCC_WARN_64_TO_32_BIT_CONVERSION = YES;
				GCC_WARN_ABOUT_RETURN_TYPE = YES_ERROR;
				GCC_WARN_UNDECLARED_SELECTOR = YES;
				GCC_WARN_UNINITIALIZED_AUTOS = YES_AGGRESSIVE;
				GCC_WARN_UNUSED_FUNCTION = YES;
				GCC_WARN_UNUSED_VARIABLE = YES;
				IPHONEOS_DEPLOYMENT_TARGET = 10.1;
				MTL_ENABLE_DEBUG_INFO = YES;
				ONLY_ACTIVE_ARCH = YES;
				SDKROOT = iphoneos;
				TARGETED_DEVICE_FAMILY = "1,2";
			};
			name = Debug;
		};
		F1F540931F32B3A500BB192E /* Release */ = {
			isa = XCBuildConfiguration;
			buildSettings = {
				ALWAYS_SEARCH_USER_PATHS = NO;
				CLANG_ANALYZER_NONNULL = YES;
				CLANG_CXX_LANGUAGE_STANDARD = "gnu++0x";
				CLANG_CXX_LIBRARY = "libc++";
				CLANG_ENABLE_MODULES = YES;
				CLANG_ENABLE_OBJC_ARC = YES;
				CLANG_WARN_BOOL_CONVERSION = YES;
				CLANG_WARN_CONSTANT_CONVERSION = YES;
				CLANG_WARN_DIRECT_OBJC_ISA_USAGE = YES_ERROR;
				CLANG_WARN_DOCUMENTATION_COMMENTS = YES;
				CLANG_WARN_EMPTY_BODY = YES;
				CLANG_WARN_ENUM_CONVERSION = YES;
				CLANG_WARN_INFINITE_RECURSION = YES;
				CLANG_WARN_INT_CONVERSION = YES;
				CLANG_WARN_OBJC_ROOT_CLASS = YES_ERROR;
				CLANG_WARN_SUSPICIOUS_MOVES = YES;
				CLANG_WARN_UNREACHABLE_CODE = YES;
				CLANG_WARN__DUPLICATE_METHOD_MATCH = YES;
				"CODE_SIGN_IDENTITY[sdk=iphoneos*]" = "iPhone Developer";
				COPY_PHASE_STRIP = NO;
				DEBUG_INFORMATION_FORMAT = "dwarf-with-dsym";
				ENABLE_NS_ASSERTIONS = NO;
				ENABLE_STRICT_OBJC_MSGSEND = YES;
				GCC_C_LANGUAGE_STANDARD = gnu99;
				GCC_NO_COMMON_BLOCKS = YES;
				GCC_WARN_64_TO_32_BIT_CONVERSION = YES;
				GCC_WARN_ABOUT_RETURN_TYPE = YES_ERROR;
				GCC_WARN_UNDECLARED_SELECTOR = YES;
				GCC_WARN_UNINITIALIZED_AUTOS = YES_AGGRESSIVE;
				GCC_WARN_UNUSED_FUNCTION = YES;
				GCC_WARN_UNUSED_VARIABLE = YES;
				IPHONEOS_DEPLOYMENT_TARGET = 10.1;
				MTL_ENABLE_DEBUG_INFO = NO;
				SDKROOT = iphoneos;
				TARGETED_DEVICE_FAMILY = "1,2";
				VALIDATE_PRODUCT = YES;
			};
			name = Release;
		};
		F1F540951F32B3A500BB192E /* Debug */ = {
			isa = XCBuildConfiguration;
			baseConfigurationReference = 65C6739E28057E066E796E19 /* Pods-制作动图.debug.xcconfig */;
			buildSettings = {
				ASSETCATALOG_COMPILER_APPICON_NAME = AppIcon;
				DEVELOPMENT_TEAM = UV433VL8PE;
				INFOPLIST_FILE = "制作动图/Info.plist";
				LD_RUNPATH_SEARCH_PATHS = "$(inherited) @executable_path/Frameworks";
				PRODUCT_BUNDLE_IDENTIFIER = "com.jbtouzi.jingbei.----";
				PRODUCT_NAME = "$(TARGET_NAME)";
			};
			name = Debug;
		};
		F1F540961F32B3A500BB192E /* Release */ = {
			isa = XCBuildConfiguration;
			baseConfigurationReference = 0703258F89115227E1FCAEA2 /* Pods-制作动图.release.xcconfig */;
			buildSettings = {
				ASSETCATALOG_COMPILER_APPICON_NAME = AppIcon;
				DEVELOPMENT_TEAM = UV433VL8PE;
				INFOPLIST_FILE = "制作动图/Info.plist";
				LD_RUNPATH_SEARCH_PATHS = "$(inherited) @executable_path/Frameworks";
				PRODUCT_BUNDLE_IDENTIFIER = "com.jbtouzi.jingbei.----";
				PRODUCT_NAME = "$(TARGET_NAME)";
			};
			name = Release;
		};
		F1F540981F32B3A500BB192E /* Debug */ = {
			isa = XCBuildConfiguration;
			baseConfigurationReference = 1A724BAC98FD4DE8D7BC550B /* Pods-制作动图Tests.debug.xcconfig */;
			buildSettings = {
				BUNDLE_LOADER = "$(TEST_HOST)";
				DEVELOPMENT_TEAM = UV433VL8PE;
				INFOPLIST_FILE = "制作动图Tests/Info.plist";
				LD_RUNPATH_SEARCH_PATHS = "$(inherited) @executable_path/Frameworks @loader_path/Frameworks";
				PRODUCT_BUNDLE_IDENTIFIER = "com.jbtouzi.jingbei.----Tests";
				PRODUCT_NAME = "$(TARGET_NAME)";
				TEST_HOST = "$(BUILT_PRODUCTS_DIR)/制作动图.app/制作动图";
			};
			name = Debug;
		};
		F1F540991F32B3A500BB192E /* Release */ = {
			isa = XCBuildConfiguration;
			baseConfigurationReference = 7D4F4EDEF38B931F5EA9C546 /* Pods-制作动图Tests.release.xcconfig */;
			buildSettings = {
				BUNDLE_LOADER = "$(TEST_HOST)";
				DEVELOPMENT_TEAM = UV433VL8PE;
				INFOPLIST_FILE = "制作动图Tests/Info.plist";
				LD_RUNPATH_SEARCH_PATHS = "$(inherited) @executable_path/Frameworks @loader_path/Frameworks";
				PRODUCT_BUNDLE_IDENTIFIER = "com.jbtouzi.jingbei.----Tests";
				PRODUCT_NAME = "$(TARGET_NAME)";
				TEST_HOST = "$(BUILT_PRODUCTS_DIR)/制作动图.app/制作动图";
			};
			name = Release;
		};
		F1F5409B1F32B3A500BB192E /* Debug */ = {
			isa = XCBuildConfiguration;
			baseConfigurationReference = 921EF853280797C5BBC18A81 /* Pods-制作动图UITests.debug.xcconfig */;
			buildSettings = {
				DEVELOPMENT_TEAM = UV433VL8PE;
				INFOPLIST_FILE = "制作动图UITests/Info.plist";
				LD_RUNPATH_SEARCH_PATHS = "$(inherited) @executable_path/Frameworks @loader_path/Frameworks";
				PRODUCT_BUNDLE_IDENTIFIER = "com.jbtouzi.jingbei.----UITests";
				PRODUCT_NAME = "$(TARGET_NAME)";
				TEST_TARGET_NAME = "制作动图";
			};
			name = Debug;
		};
		F1F5409C1F32B3A500BB192E /* Release */ = {
			isa = XCBuildConfiguration;
			baseConfigurationReference = E995C427EB495A3D83B5B5E6 /* Pods-制作动图UITests.release.xcconfig */;
			buildSettings = {
				DEVELOPMENT_TEAM = UV433VL8PE;
				INFOPLIST_FILE = "制作动图UITests/Info.plist";
				LD_RUNPATH_SEARCH_PATHS = "$(inherited) @executable_path/Frameworks @loader_path/Frameworks";
				PRODUCT_BUNDLE_IDENTIFIER = "com.jbtouzi.jingbei.----UITests";
				PRODUCT_NAME = "$(TARGET_NAME)";
				TEST_TARGET_NAME = "制作动图";
			};
			name = Release;
		};
/* End XCBuildConfiguration section */

/* Begin XCConfigurationList section */
		F1F540621F32B3A500BB192E /* Build configuration list for PBXProject "制作动图" */ = {
			isa = XCConfigurationList;
			buildConfigurations = (
				F1F540921F32B3A500BB192E /* Debug */,
				F1F540931F32B3A500BB192E /* Release */,
			);
			defaultConfigurationIsVisible = 0;
			defaultConfigurationName = Release;
		};
		F1F540941F32B3A500BB192E /* Build configuration list for PBXNativeTarget "制作动图" */ = {
			isa = XCConfigurationList;
			buildConfigurations = (
				F1F540951F32B3A500BB192E /* Debug */,
				F1F540961F32B3A500BB192E /* Release */,
			);
			defaultConfigurationIsVisible = 0;
			defaultConfigurationName = Release;
		};
		F1F540971F32B3A500BB192E /* Build configuration list for PBXNativeTarget "制作动图Tests" */ = {
			isa = XCConfigurationList;
			buildConfigurations = (
				F1F540981F32B3A500BB192E /* Debug */,
				F1F540991F32B3A500BB192E /* Release */,
			);
			defaultConfigurationIsVisible = 0;
			defaultConfigurationName = Release;
		};
		F1F5409A1F32B3A500BB192E /* Build configuration list for PBXNativeTarget "制作动图UITests" */ = {
			isa = XCConfigurationList;
			buildConfigurations = (
				F1F5409B1F32B3A500BB192E /* Debug */,
				F1F5409C1F32B3A500BB192E /* Release */,
			);
			defaultConfigurationIsVisible = 0;
			defaultConfigurationName = Release;
		};
/* End XCConfigurationList section */
	};
	rootObject = F1F5405F1F32B3A500BB192E /* Project object */;
}
